
Microsoft Visual Studio Solution File, Format Version 12.00
# Visual Studio Version 17
VisualStudioVersion = 17.10.35122.118
MinimumVisualStudioVersion = 10.0.40219.1
Project("{FAE04EC0-301F-11D3-BF4B-00C04F79EFBC}") = "phpMVC", "phpMVC.csproj", "{FD74A051-4ED7-451F-B2B7-5CB023A4A3F9}"
EndProject
Global
	GlobalSection(SolutionConfigurationPlatforms) = preSolution
		Debug|Any CPU = Debug|Any CPU
		Release|Any CPU = Release|Any CPU
	EndGlobalSection
	GlobalSection(ProjectConfigurationPlatforms) = postSolution
		{FD74A051-4ED7-451F-B2B7-5CB023A4A3F9}.Debug|Any CPU.ActiveCfg = Debug|Any CPU
		{FD74A051-4ED7-451F-B2B7-5CB023A4A3F9}.Debug|Any CPU.Build.0 = Debug|Any CPU
		{FD74A051-4ED7-451F-B2B7-5CB023A4A3F9}.Release|Any CPU.ActiveCfg = Release|Any CPU
		{FD74A051-4ED7-451F-B2B7-5CB023A4A3F9}.Release|Any CPU.Build.0 = Release|Any CPU
	EndGlobalSection
	GlobalSection(SolutionProperties) = preSolution
		HideSolutionNode = FALSE
	EndGlobalSection
	GlobalSection(ExtensibilityGlobals) = postSolution
		SolutionGuid = {AA051917-25D4-4EF1-B6B1-FBE610B8E1CC}
	EndGlobalSection
EndGlobal
